
Microsoft Visual Studio Solution File, Format Version 12.00
# Visual Studio Version 17
VisualStudioVersion = 17.0.31903.59
MinimumVisualStudioVersion = 10.0.40219.1
Project("{FAE04EC0-301F-11D3-BF4B-00C04F79EFBC}") = "w07p01-pliki", "w07p01-pliki\w07p01-pliki.csproj", "{36A2ED4F-F022-4FFC-885C-3B37DA08FBD4}"
EndProject
Global
	GlobalSection(SolutionConfigurationPlatforms) = preSolution
		Debug|Any CPU = Debug|Any CPU
		Release|Any CPU = Release|Any CPU
	EndGlobalSection
	GlobalSection(ProjectConfigurationPlatforms) = postSolution
		{36A2ED4F-F022-4FFC-885C-3B37DA08FBD4}.Debug|Any CPU.ActiveCfg = Debug|Any CPU
		{36A2ED4F-F022-4FFC-885C-3B37DA08FBD4}.Debug|Any CPU.Build.0 = Debug|Any CPU
		{36A2ED4F-F022-4FFC-885C-3B37DA08FBD4}.Release|Any CPU.ActiveCfg = Release|Any CPU
		{36A2ED4F-F022-4FFC-885C-3B37DA08FBD4}.Release|Any CPU.Build.0 = Release|Any CPU
	EndGlobalSection
	GlobalSection(SolutionProperties) = preSolution
		HideSolutionNode = FALSE
	EndGlobalSection
	GlobalSection(ExtensibilityGlobals) = postSolution
		SolutionGuid = {67AB2119-F90B-48FD-BA1E-11E17A758DB1}
	EndGlobalSection
EndGlobal
