
Microsoft Visual Studio Solution File, Format Version 12.00
# Visual Studio Version 16
VisualStudioVersion = 16.0.31702.278
MinimumVisualStudioVersion = 10.0.40219.1
Project("{FAE04EC0-301F-11D3-BF4B-00C04F79EFBC}") = "w06p01_probnik_kol_WPF", "w06p01_probnik_kol_WPF\w06p01_probnik_kol_WPF.csproj", "{5FD5AAA1-74DC-4884-8A89-16E25BF782B1}"
EndProject
Global
	GlobalSection(SolutionConfigurationPlatforms) = preSolution
		Debug|Any CPU = Debug|Any CPU
		Release|Any CPU = Release|Any CPU
	EndGlobalSection
	GlobalSection(ProjectConfigurationPlatforms) = postSolution
		{5FD5AAA1-74DC-4884-8A89-16E25BF782B1}.Debug|Any CPU.ActiveCfg = Debug|Any CPU
		{5FD5AAA1-74DC-4884-8A89-16E25BF782B1}.Debug|Any CPU.Build.0 = Debug|Any CPU
		{5FD5AAA1-74DC-4884-8A89-16E25BF782B1}.Release|Any CPU.ActiveCfg = Release|Any CPU
		{5FD5AAA1-74DC-4884-8A89-16E25BF782B1}.Release|Any CPU.Build.0 = Release|Any CPU
	EndGlobalSection
	GlobalSection(SolutionProperties) = preSolution
		HideSolutionNode = FALSE
	EndGlobalSection
	GlobalSection(ExtensibilityGlobals) = postSolution
		SolutionGuid = {DC7CDF8E-7A04-4ABC-9FD6-70FCA6E0D115}
	EndGlobalSection
EndGlobal
