
Microsoft Visual Studio Solution File, Format Version 12.00
# Visual Studio Version 17
VisualStudioVersion = 17.0.31903.59
MinimumVisualStudioVersion = 10.0.40219.1
Project("{FAE04EC0-301F-11D3-BF4B-00C04F79EFBC}") = "testCanvas", "testCanvas\testCanvas.csproj", "{01DD73BA-7C94-4E93-BE09-A73DC50C0993}"
EndProject
Global
	GlobalSection(SolutionConfigurationPlatforms) = preSolution
		Debug|Any CPU = Debug|Any CPU
		Release|Any CPU = Release|Any CPU
	EndGlobalSection
	GlobalSection(ProjectConfigurationPlatforms) = postSolution
		{01DD73BA-7C94-4E93-BE09-A73DC50C0993}.Debug|Any CPU.ActiveCfg = Debug|Any CPU
		{01DD73BA-7C94-4E93-BE09-A73DC50C0993}.Debug|Any CPU.Build.0 = Debug|Any CPU
		{01DD73BA-7C94-4E93-BE09-A73DC50C0993}.Release|Any CPU.ActiveCfg = Release|Any CPU
		{01DD73BA-7C94-4E93-BE09-A73DC50C0993}.Release|Any CPU.Build.0 = Release|Any CPU
	EndGlobalSection
	GlobalSection(SolutionProperties) = preSolution
		HideSolutionNode = FALSE
	EndGlobalSection
	GlobalSection(ExtensibilityGlobals) = postSolution
		SolutionGuid = {C7A3D42E-AB04-494B-88F5-7E51E1388292}
	EndGlobalSection
EndGlobal
