
Microsoft Visual Studio Solution File, Format Version 12.00
# Visual Studio Version 16
VisualStudioVersion = 16.0.31702.278
MinimumVisualStudioVersion = 10.0.40219.1
Project("{FAE04EC0-301F-11D3-BF4B-00C04F79EFBC}") = "w01p01-konsola", "w01p01-konsola\w01p01-konsola.csproj", "{8A61A2DC-D4D8-4503-8C7E-F251BDE24308}"
EndProject
Global
	GlobalSection(SolutionConfigurationPlatforms) = preSolution
		Debug|Any CPU = Debug|Any CPU
		Release|Any CPU = Release|Any CPU
	EndGlobalSection
	GlobalSection(ProjectConfigurationPlatforms) = postSolution
		{8A61A2DC-D4D8-4503-8C7E-F251BDE24308}.Debug|Any CPU.ActiveCfg = Debug|Any CPU
		{8A61A2DC-D4D8-4503-8C7E-F251BDE24308}.Debug|Any CPU.Build.0 = Debug|Any CPU
		{8A61A2DC-D4D8-4503-8C7E-F251BDE24308}.Release|Any CPU.ActiveCfg = Release|Any CPU
		{8A61A2DC-D4D8-4503-8C7E-F251BDE24308}.Release|Any CPU.Build.0 = Release|Any CPU
	EndGlobalSection
	GlobalSection(SolutionProperties) = preSolution
		HideSolutionNode = FALSE
	EndGlobalSection
	GlobalSection(ExtensibilityGlobals) = postSolution
		SolutionGuid = {3C27D9C5-73DF-411E-91A7-72C4FCEC7057}
	EndGlobalSection
EndGlobal
